
Microsoft Visual Studio Solution File, Format Version 12.00
# Visual Studio Version 17
VisualStudioVersion = 17.1.32414.318
MinimumVisualStudioVersion = 10.0.40219.1
Project("{FAE04EC0-301F-11D3-BF4B-00C04F79EFBC}") = "Logical Programs", "Logical Programs\Logical Programs.csproj", "{5CA983DA-387F-4379-A3E3-6FE06E0C1EDB}"
EndProject
Global
	GlobalSection(SolutionConfigurationPlatforms) = preSolution
		Debug|Any CPU = Debug|Any CPU
		Release|Any CPU = Release|Any CPU
	EndGlobalSection
	GlobalSection(ProjectConfigurationPlatforms) = postSolution
		{5CA983DA-387F-4379-A3E3-6FE06E0C1EDB}.Debug|Any CPU.ActiveCfg = Debug|Any CPU
		{5CA983DA-387F-4379-A3E3-6FE06E0C1EDB}.Debug|Any CPU.Build.0 = Debug|Any CPU
		{5CA983DA-387F-4379-A3E3-6FE06E0C1EDB}.Release|Any CPU.ActiveCfg = Release|Any CPU
		{5CA983DA-387F-4379-A3E3-6FE06E0C1EDB}.Release|Any CPU.Build.0 = Release|Any CPU
	EndGlobalSection
	GlobalSection(SolutionProperties) = preSolution
		HideSolutionNode = FALSE
	EndGlobalSection
	GlobalSection(ExtensibilityGlobals) = postSolution
		SolutionGuid = {84C53FED-15B3-4B6A-BA13-389FCDF2F143}
	EndGlobalSection
EndGlobal
